
Microsoft Visual Studio Solution File, Format Version 12.00
# Visual Studio 15
VisualStudioVersion = 15.0.27428.2037
MinimumVisualStudioVersion = 10.0.40219.1
Project("{FAE04EC0-301F-11D3-BF4B-00C04F79EFBC}") = "IHKTest", "IHKTest\IHKTest.csproj", "{BDC503AB-7149-4A75-AACF-9356B132B301}"
EndProject
Global
	GlobalSection(SolutionConfigurationPlatforms) = preSolution
		Debug|Any CPU = Debug|Any CPU
		Release|Any CPU = Release|Any CPU
	EndGlobalSection
	GlobalSection(ProjectConfigurationPlatforms) = postSolution
		{BDC503AB-7149-4A75-AACF-9356B132B301}.Debug|Any CPU.ActiveCfg = Debug|Any CPU
		{BDC503AB-7149-4A75-AACF-9356B132B301}.Debug|Any CPU.Build.0 = Debug|Any CPU
		{BDC503AB-7149-4A75-AACF-9356B132B301}.Release|Any CPU.ActiveCfg = Release|Any CPU
		{BDC503AB-7149-4A75-AACF-9356B132B301}.Release|Any CPU.Build.0 = Release|Any CPU
	EndGlobalSection
	GlobalSection(SolutionProperties) = preSolution
		HideSolutionNode = FALSE
	EndGlobalSection
	GlobalSection(ExtensibilityGlobals) = postSolution
		SolutionGuid = {7B93543E-D1CF-43E4-949E-06CC6FAEC57F}
	EndGlobalSection
EndGlobal
